
Microsoft Visual Studio Solution File, Format Version 12.00
# Visual Studio Version 16
VisualStudioVersion = 16.0.29905.134
MinimumVisualStudioVersion = 10.0.40219.1
Project("{8BC9CEB8-8B4A-11D0-8D11-00A0C91BC942}") = "字典序", "字典序\字典序.vcxproj", "{3CD38A64-0E72-4376-8E92-508A05178A49}"
EndProject
Project("{8BC9CEB8-8B4A-11D0-8D11-00A0C91BC942}") = "test", "test\test.vcxproj", "{C24983E5-5029-456C-A894-FD9A891A01D0}"
EndProject
Project("{8BC9CEB8-8B4A-11D0-8D11-00A0C91BC942}") = "字典序（基础版）程序修改", "字典序（基础版）程序修改\字典序（基础版）程序修改.vcxproj", "{18EE8C1C-74A1-4697-A48C-3484868572C2}"
EndProject
Project("{8BC9CEB8-8B4A-11D0-8D11-00A0C91BC942}") = "整数划分问题", "整数划分问题\整数划分问题.vcxproj", "{AECC9700-EB1B-4660-9E59-E6C4E1CCAD69}"
EndProject
Project("{8BC9CEB8-8B4A-11D0-8D11-00A0C91BC942}") = "半数集问题", "半数集问题\半数集问题.vcxproj", "{D69B33D7-A04C-4316-AB10-91278E6F5DB9}"
EndProject
Project("{8BC9CEB8-8B4A-11D0-8D11-00A0C91BC942}") = "众数问题", "众数问题\众数问题.vcxproj", "{EBA7A1DC-4C7D-43F0-ADE6-350642B5193E}"
EndProject
Project("{8BC9CEB8-8B4A-11D0-8D11-00A0C91BC942}") = "有重复元素的排列问题", "有重复元素的排列问题\有重复元素的排列问题.vcxproj", "{CA06DEBC-ADB5-4A63-9775-45DE005A0A90}"
EndProject
Project("{8BC9CEB8-8B4A-11D0-8D11-00A0C91BC942}") = "石子合并问题", "石子合并问题\石子合并问题.vcxproj", "{17E60110-1BDC-4673-A968-205526485C66}"
EndProject
Project("{8BC9CEB8-8B4A-11D0-8D11-00A0C91BC942}") = "编辑距离问题", "编辑距离问题\编辑距离问题.vcxproj", "{79CD7798-ECC5-4436-8DA1-6F5C75805AA2}"
EndProject
Project("{8BC9CEB8-8B4A-11D0-8D11-00A0C91BC942}") = "租用游艇问题", "租用游艇问题\租用游艇问题.vcxproj", "{F0278AE8-4566-474E-A623-EF10568C6A61}"
EndProject
Project("{8BC9CEB8-8B4A-11D0-8D11-00A0C91BC942}") = "会场安排问题", "会场安排问题\会场安排问题.vcxproj", "{4C8A53AD-F1B2-4AD4-AC14-1F8E663C01E9}"
EndProject
Project("{8BC9CEB8-8B4A-11D0-8D11-00A0C91BC942}") = "最优合并问题", "最优合并问题\最优合并问题.vcxproj", "{DD2294AE-3F31-44FC-9104-EDCA81F1483F}"
EndProject
Project("{8BC9CEB8-8B4A-11D0-8D11-00A0C91BC942}") = "多大多位整数问题", "多大多位整数问题\多大多位整数问题.vcxproj", "{9211BD70-9D03-4A2A-B9B4-EF2F6198401B}"
EndProject
Project("{8BC9CEB8-8B4A-11D0-8D11-00A0C91BC942}") = "子集和问题", "子集和问题\子集和问题.vcxproj", "{3A20433C-78BC-4E74-846E-45D031D04F23}"
EndProject
Project("{8BC9CEB8-8B4A-11D0-8D11-00A0C91BC942}") = "最小重量机器设计问题", "最小重量机器设计问题\最小重量机器设计问题.vcxproj", "{3B231571-01C3-4F19-A096-13E7765B1895}"
EndProject
Project("{8BC9CEB8-8B4A-11D0-8D11-00A0C91BC942}") = "不等式的整数解", "不等式的整数解\不等式的整数解.vcxproj", "{13CB05A3-0926-42F8-BCC8-D92A62CA570F}"
EndProject
Project("{8BC9CEB8-8B4A-11D0-8D11-00A0C91BC942}") = "世界名画陈列馆问题", "世界名画陈列馆问题\世界名画陈列馆问题.vcxproj", "{39D92231-5751-4E74-900D-F5B5AC440AA3}"
EndProject
Global
	GlobalSection(SolutionConfigurationPlatforms) = preSolution
		Debug|x64 = Debug|x64
		Debug|x86 = Debug|x86
		Release|x64 = Release|x64
		Release|x86 = Release|x86
	EndGlobalSection
	GlobalSection(ProjectConfigurationPlatforms) = postSolution
		{3CD38A64-0E72-4376-8E92-508A05178A49}.Debug|x64.ActiveCfg = Debug|x64
		{3CD38A64-0E72-4376-8E92-508A05178A49}.Debug|x64.Build.0 = Debug|x64
		{3CD38A64-0E72-4376-8E92-508A05178A49}.Debug|x86.ActiveCfg = Debug|Win32
		{3CD38A64-0E72-4376-8E92-508A05178A49}.Debug|x86.Build.0 = Debug|Win32
		{3CD38A64-0E72-4376-8E92-508A05178A49}.Release|x64.ActiveCfg = Release|x64
		{3CD38A64-0E72-4376-8E92-508A05178A49}.Release|x64.Build.0 = Release|x64
		{3CD38A64-0E72-4376-8E92-508A05178A49}.Release|x86.ActiveCfg = Release|Win32
		{3CD38A64-0E72-4376-8E92-508A05178A49}.Release|x86.Build.0 = Release|Win32
		{C24983E5-5029-456C-A894-FD9A891A01D0}.Debug|x64.ActiveCfg = Debug|x64
		{C24983E5-5029-456C-A894-FD9A891A01D0}.Debug|x64.Build.0 = Debug|x64
		{C24983E5-5029-456C-A894-FD9A891A01D0}.Debug|x86.ActiveCfg = Debug|Win32
		{C24983E5-5029-456C-A894-FD9A891A01D0}.Debug|x86.Build.0 = Debug|Win32
		{C24983E5-5029-456C-A894-FD9A891A01D0}.Release|x64.ActiveCfg = Release|x64
		{C24983E5-5029-456C-A894-FD9A891A01D0}.Release|x64.Build.0 = Release|x64
		{C24983E5-5029-456C-A894-FD9A891A01D0}.Release|x86.ActiveCfg = Release|Win32
		{C24983E5-5029-456C-A894-FD9A891A01D0}.Release|x86.Build.0 = Release|Win32
		{18EE8C1C-74A1-4697-A48C-3484868572C2}.Debug|x64.ActiveCfg = Debug|x64
		{18EE8C1C-74A1-4697-A48C-3484868572C2}.Debug|x64.Build.0 = Debug|x64
		{18EE8C1C-74A1-4697-A48C-3484868572C2}.Debug|x86.ActiveCfg = Debug|Win32
		{18EE8C1C-74A1-4697-A48C-3484868572C2}.Debug|x86.Build.0 = Debug|Win32
		{18EE8C1C-74A1-4697-A48C-3484868572C2}.Release|x64.ActiveCfg = Release|x64
		{18EE8C1C-74A1-4697-A48C-3484868572C2}.Release|x64.Build.0 = Release|x64
		{18EE8C1C-74A1-4697-A48C-3484868572C2}.Release|x86.ActiveCfg = Release|Win32
		{18EE8C1C-74A1-4697-A48C-3484868572C2}.Release|x86.Build.0 = Release|Win32
		{AECC9700-EB1B-4660-9E59-E6C4E1CCAD69}.Debug|x64.ActiveCfg = Debug|x64
		{AECC9700-EB1B-4660-9E59-E6C4E1CCAD69}.Debug|x64.Build.0 = Debug|x64
		{AECC9700-EB1B-4660-9E59-E6C4E1CCAD69}.Debug|x86.ActiveCfg = Debug|Win32
		{AECC9700-EB1B-4660-9E59-E6C4E1CCAD69}.Debug|x86.Build.0 = Debug|Win32
		{AECC9700-EB1B-4660-9E59-E6C4E1CCAD69}.Release|x64.ActiveCfg = Release|x64
		{AECC9700-EB1B-4660-9E59-E6C4E1CCAD69}.Release|x64.Build.0 = Release|x64
		{AECC9700-EB1B-4660-9E59-E6C4E1CCAD69}.Release|x86.ActiveCfg = Release|Win32
		{AECC9700-EB1B-4660-9E59-E6C4E1CCAD69}.Release|x86.Build.0 = Release|Win32
		{D69B33D7-A04C-4316-AB10-91278E6F5DB9}.Debug|x64.ActiveCfg = Debug|x64
		{D69B33D7-A04C-4316-AB10-91278E6F5DB9}.Debug|x64.Build.0 = Debug|x64
		{D69B33D7-A04C-4316-AB10-91278E6F5DB9}.Debug|x86.ActiveCfg = Debug|Win32
		{D69B33D7-A04C-4316-AB10-91278E6F5DB9}.Debug|x86.Build.0 = Debug|Win32
		{D69B33D7-A04C-4316-AB10-91278E6F5DB9}.Release|x64.ActiveCfg = Release|x64
		{D69B33D7-A04C-4316-AB10-91278E6F5DB9}.Release|x64.Build.0 = Release|x64
		{D69B33D7-A04C-4316-AB10-91278E6F5DB9}.Release|x86.ActiveCfg = Release|Win32
		{D69B33D7-A04C-4316-AB10-91278E6F5DB9}.Release|x86.Build.0 = Release|Win32
		{EBA7A1DC-4C7D-43F0-ADE6-350642B5193E}.Debug|x64.ActiveCfg = Debug|x64
		{EBA7A1DC-4C7D-43F0-ADE6-350642B5193E}.Debug|x64.Build.0 = Debug|x64
		{EBA7A1DC-4C7D-43F0-ADE6-350642B5193E}.Debug|x86.ActiveCfg = Debug|Win32
		{EBA7A1DC-4C7D-43F0-ADE6-350642B5193E}.Debug|x86.Build.0 = Debug|Win32
		{EBA7A1DC-4C7D-43F0-ADE6-350642B5193E}.Release|x64.ActiveCfg = Release|x64
		{EBA7A1DC-4C7D-43F0-ADE6-350642B5193E}.Release|x64.Build.0 = Release|x64
		{EBA7A1DC-4C7D-43F0-ADE6-350642B5193E}.Release|x86.ActiveCfg = Release|Win32
		{EBA7A1DC-4C7D-43F0-ADE6-350642B5193E}.Release|x86.Build.0 = Release|Win32
		{CA06DEBC-ADB5-4A63-9775-45DE005A0A90}.Debug|x64.ActiveCfg = Debug|x64
		{CA06DEBC-ADB5-4A63-9775-45DE005A0A90}.Debug|x64.Build.0 = Debug|x64
		{CA06DEBC-ADB5-4A63-9775-45DE005A0A90}.Debug|x86.ActiveCfg = Debug|Win32
		{CA06DEBC-ADB5-4A63-9775-45DE005A0A90}.Debug|x86.Build.0 = Debug|Win32
		{CA06DEBC-ADB5-4A63-9775-45DE005A0A90}.Release|x64.ActiveCfg = Release|x64
		{CA06DEBC-ADB5-4A63-9775-45DE005A0A90}.Release|x64.Build.0 = Release|x64
		{CA06DEBC-ADB5-4A63-9775-45DE005A0A90}.Release|x86.ActiveCfg = Release|Win32
		{CA06DEBC-ADB5-4A63-9775-45DE005A0A90}.Release|x86.Build.0 = Release|Win32
		{17E60110-1BDC-4673-A968-205526485C66}.Debug|x64.ActiveCfg = Debug|x64
		{17E60110-1BDC-4673-A968-205526485C66}.Debug|x64.Build.0 = Debug|x64
		{17E60110-1BDC-4673-A968-205526485C66}.Debug|x86.ActiveCfg = Debug|Win32
		{17E60110-1BDC-4673-A968-205526485C66}.Debug|x86.Build.0 = Debug|Win32
		{17E60110-1BDC-4673-A968-205526485C66}.Release|x64.ActiveCfg = Release|x64
		{17E60110-1BDC-4673-A968-205526485C66}.Release|x64.Build.0 = Release|x64
		{17E60110-1BDC-4673-A968-205526485C66}.Release|x86.ActiveCfg = Release|Win32
		{17E60110-1BDC-4673-A968-205526485C66}.Release|x86.Build.0 = Release|Win32
		{79CD7798-ECC5-4436-8DA1-6F5C75805AA2}.Debug|x64.ActiveCfg = Debug|x64
		{79CD7798-ECC5-4436-8DA1-6F5C75805AA2}.Debug|x64.Build.0 = Debug|x64
		{79CD7798-ECC5-4436-8DA1-6F5C75805AA2}.Debug|x86.ActiveCfg = Debug|Win32
		{79CD7798-ECC5-4436-8DA1-6F5C75805AA2}.Debug|x86.Build.0 = Debug|Win32
		{79CD7798-ECC5-4436-8DA1-6F5C75805AA2}.Release|x64.ActiveCfg = Release|x64
		{79CD7798-ECC5-4436-8DA1-6F5C75805AA2}.Release|x64.Build.0 = Release|x64
		{79CD7798-ECC5-4436-8DA1-6F5C75805AA2}.Release|x86.ActiveCfg = Release|Win32
		{79CD7798-ECC5-4436-8DA1-6F5C75805AA2}.Release|x86.Build.0 = Release|Win32
		{F0278AE8-4566-474E-A623-EF10568C6A61}.Debug|x64.ActiveCfg = Debug|x64
		{F0278AE8-4566-474E-A623-EF10568C6A61}.Debug|x64.Build.0 = Debug|x64
		{F0278AE8-4566-474E-A623-EF10568C6A61}.Debug|x86.ActiveCfg = Debug|Win32
		{F0278AE8-4566-474E-A623-EF10568C6A61}.Debug|x86.Build.0 = Debug|Win32
		{F0278AE8-4566-474E-A623-EF10568C6A61}.Release|x64.ActiveCfg = Release|x64
		{F0278AE8-4566-474E-A623-EF10568C6A61}.Release|x64.Build.0 = Release|x64
		{F0278AE8-4566-474E-A623-EF10568C6A61}.Release|x86.ActiveCfg = Release|Win32
		{F0278AE8-4566-474E-A623-EF10568C6A61}.Release|x86.Build.0 = Release|Win32
		{4C8A53AD-F1B2-4AD4-AC14-1F8E663C01E9}.Debug|x64.ActiveCfg = Debug|x64
		{4C8A53AD-F1B2-4AD4-AC14-1F8E663C01E9}.Debug|x64.Build.0 = Debug|x64
		{4C8A53AD-F1B2-4AD4-AC14-1F8E663C01E9}.Debug|x86.ActiveCfg = Debug|Win32
		{4C8A53AD-F1B2-4AD4-AC14-1F8E663C01E9}.Debug|x86.Build.0 = Debug|Win32
		{4C8A53AD-F1B2-4AD4-AC14-1F8E663C01E9}.Release|x64.ActiveCfg = Release|x64
		{4C8A53AD-F1B2-4AD4-AC14-1F8E663C01E9}.Release|x64.Build.0 = Release|x64
		{4C8A53AD-F1B2-4AD4-AC14-1F8E663C01E9}.Release|x86.ActiveCfg = Release|Win32
		{4C8A53AD-F1B2-4AD4-AC14-1F8E663C01E9}.Release|x86.Build.0 = Release|Win32
		{DD2294AE-3F31-44FC-9104-EDCA81F1483F}.Debug|x64.ActiveCfg = Debug|x64
		{DD2294AE-3F31-44FC-9104-EDCA81F1483F}.Debug|x64.Build.0 = Debug|x64
		{DD2294AE-3F31-44FC-9104-EDCA81F1483F}.Debug|x86.ActiveCfg = Debug|Win32
		{DD2294AE-3F31-44FC-9104-EDCA81F1483F}.Debug|x86.Build.0 = Debug|Win32
		{DD2294AE-3F31-44FC-9104-EDCA81F1483F}.Release|x64.ActiveCfg = Release|x64
		{DD2294AE-3F31-44FC-9104-EDCA81F1483F}.Release|x64.Build.0 = Release|x64
		{DD2294AE-3F31-44FC-9104-EDCA81F1483F}.Release|x86.ActiveCfg = Release|Win32
		{DD2294AE-3F31-44FC-9104-EDCA81F1483F}.Release|x86.Build.0 = Release|Win32
		{9211BD70-9D03-4A2A-B9B4-EF2F6198401B}.Debug|x64.ActiveCfg = Debug|x64
		{9211BD70-9D03-4A2A-B9B4-EF2F6198401B}.Debug|x64.Build.0 = Debug|x64
		{9211BD70-9D03-4A2A-B9B4-EF2F6198401B}.Debug|x86.ActiveCfg = Debug|Win32
		{9211BD70-9D03-4A2A-B9B4-EF2F6198401B}.Debug|x86.Build.0 = Debug|Win32
		{9211BD70-9D03-4A2A-B9B4-EF2F6198401B}.Release|x64.ActiveCfg = Release|x64
		{9211BD70-9D03-4A2A-B9B4-EF2F6198401B}.Release|x64.Build.0 = Release|x64
		{9211BD70-9D03-4A2A-B9B4-EF2F6198401B}.Release|x86.ActiveCfg = Release|Win32
		{9211BD70-9D03-4A2A-B9B4-EF2F6198401B}.Release|x86.Build.0 = Release|Win32
		{3A20433C-78BC-4E74-846E-45D031D04F23}.Debug|x64.ActiveCfg = Debug|x64
		{3A20433C-78BC-4E74-846E-45D031D04F23}.Debug|x64.Build.0 = Debug|x64
		{3A20433C-78BC-4E74-846E-45D031D04F23}.Debug|x86.ActiveCfg = Debug|Win32
		{3A20433C-78BC-4E74-846E-45D031D04F23}.Debug|x86.Build.0 = Debug|Win32
		{3A20433C-78BC-4E74-846E-45D031D04F23}.Release|x64.ActiveCfg = Release|x64
		{3A20433C-78BC-4E74-846E-45D031D04F23}.Release|x64.Build.0 = Release|x64
		{3A20433C-78BC-4E74-846E-45D031D04F23}.Release|x86.ActiveCfg = Release|Win32
		{3A20433C-78BC-4E74-846E-45D031D04F23}.Release|x86.Build.0 = Release|Win32
		{3B231571-01C3-4F19-A096-13E7765B1895}.Debug|x64.ActiveCfg = Debug|x64
		{3B231571-01C3-4F19-A096-13E7765B1895}.Debug|x64.Build.0 = Debug|x64
		{3B231571-01C3-4F19-A096-13E7765B1895}.Debug|x86.ActiveCfg = Debug|Win32
		{3B231571-01C3-4F19-A096-13E7765B1895}.Debug|x86.Build.0 = Debug|Win32
		{3B231571-01C3-4F19-A096-13E7765B1895}.Release|x64.ActiveCfg = Release|x64
		{3B231571-01C3-4F19-A096-13E7765B1895}.Release|x64.Build.0 = Release|x64
		{3B231571-01C3-4F19-A096-13E7765B1895}.Release|x86.ActiveCfg = Release|Win32
		{3B231571-01C3-4F19-A096-13E7765B1895}.Release|x86.Build.0 = Release|Win32
		{13CB05A3-0926-42F8-BCC8-D92A62CA570F}.Debug|x64.ActiveCfg = Debug|x64
		{13CB05A3-0926-42F8-BCC8-D92A62CA570F}.Debug|x64.Build.0 = Debug|x64
		{13CB05A3-0926-42F8-BCC8-D92A62CA570F}.Debug|x86.ActiveCfg = Debug|Win32
		{13CB05A3-0926-42F8-BCC8-D92A62CA570F}.Debug|x86.Build.0 = Debug|Win32
		{13CB05A3-0926-42F8-BCC8-D92A62CA570F}.Release|x64.ActiveCfg = Release|x64
		{13CB05A3-0926-42F8-BCC8-D92A62CA570F}.Release|x64.Build.0 = Release|x64
		{13CB05A3-0926-42F8-BCC8-D92A62CA570F}.Release|x86.ActiveCfg = Release|Win32
		{13CB05A3-0926-42F8-BCC8-D92A62CA570F}.Release|x86.Build.0 = Release|Win32
		{39D92231-5751-4E74-900D-F5B5AC440AA3}.Debug|x64.ActiveCfg = Debug|x64
		{39D92231-5751-4E74-900D-F5B5AC440AA3}.Debug|x64.Build.0 = Debug|x64
		{39D92231-5751-4E74-900D-F5B5AC440AA3}.Debug|x86.ActiveCfg = Debug|Win32
		{39D92231-5751-4E74-900D-F5B5AC440AA3}.Debug|x86.Build.0 = Debug|Win32
		{39D92231-5751-4E74-900D-F5B5AC440AA3}.Release|x64.ActiveCfg = Release|x64
		{39D92231-5751-4E74-900D-F5B5AC440AA3}.Release|x64.Build.0 = Release|x64
		{39D92231-5751-4E74-900D-F5B5AC440AA3}.Release|x86.ActiveCfg = Release|Win32
		{39D92231-5751-4E74-900D-F5B5AC440AA3}.Release|x86.Build.0 = Release|Win32
	EndGlobalSection
	GlobalSection(SolutionProperties) = preSolution
		HideSolutionNode = FALSE
	EndGlobalSection
	GlobalSection(ExtensibilityGlobals) = postSolution
		SolutionGuid = {5F4D0036-E60A-4602-A461-0E8ADD3E798C}
	EndGlobalSection
EndGlobal
