
Microsoft Visual Studio Solution File, Format Version 12.00
# Visual Studio Version 16
VisualStudioVersion = 16.0.29905.134
MinimumVisualStudioVersion = 10.0.40219.1
Project("{8BC9CEB8-8B4A-11D0-8D11-00A0C91BC942}") = "字典序", "字典序\字典序.vcxproj", "{3CD38A64-0E72-4376-8E92-508A05178A49}"
EndProject
Project("{8BC9CEB8-8B4A-11D0-8D11-00A0C91BC942}") = "test", "test\test.vcxproj", "{C24983E5-5029-456C-A894-FD9A891A01D0}"
EndProject
Project("{8BC9CEB8-8B4A-11D0-8D11-00A0C91BC942}") = "字典序（基础版）程序修改", "字典序（基础版）程序修改\字典序（基础版）程序修改.vcxproj", "{18EE8C1C-74A1-4697-A48C-3484868572C2}"
EndProject
Project("{8BC9CEB8-8B4A-11D0-8D11-00A0C91BC942}") = "整数划分问题", "整数划分问题\整数划分问题.vcxproj", "{AECC9700-EB1B-4660-9E59-E6C4E1CCAD69}"
EndProject
Global
	GlobalSection(SolutionConfigurationPlatforms) = preSolution
		Debug|x64 = Debug|x64
		Debug|x86 = Debug|x86
		Release|x64 = Release|x64
		Release|x86 = Release|x86
	EndGlobalSection
	GlobalSection(ProjectConfigurationPlatforms) = postSolution
		{3CD38A64-0E72-4376-8E92-508A05178A49}.Debug|x64.ActiveCfg = Debug|x64
		{3CD38A64-0E72-4376-8E92-508A05178A49}.Debug|x64.Build.0 = Debug|x64
		{3CD38A64-0E72-4376-8E92-508A05178A49}.Debug|x86.ActiveCfg = Debug|Win32
		{3CD38A64-0E72-4376-8E92-508A05178A49}.Debug|x86.Build.0 = Debug|Win32
		{3CD38A64-0E72-4376-8E92-508A05178A49}.Release|x64.ActiveCfg = Release|x64
		{3CD38A64-0E72-4376-8E92-508A05178A49}.Release|x64.Build.0 = Release|x64
		{3CD38A64-0E72-4376-8E92-508A05178A49}.Release|x86.ActiveCfg = Release|Win32
		{3CD38A64-0E72-4376-8E92-508A05178A49}.Release|x86.Build.0 = Release|Win32
		{C24983E5-5029-456C-A894-FD9A891A01D0}.Debug|x64.ActiveCfg = Debug|x64
		{C24983E5-5029-456C-A894-FD9A891A01D0}.Debug|x64.Build.0 = Debug|x64
		{C24983E5-5029-456C-A894-FD9A891A01D0}.Debug|x86.ActiveCfg = Debug|Win32
		{C24983E5-5029-456C-A894-FD9A891A01D0}.Debug|x86.Build.0 = Debug|Win32
		{C24983E5-5029-456C-A894-FD9A891A01D0}.Release|x64.ActiveCfg = Release|x64
		{C24983E5-5029-456C-A894-FD9A891A01D0}.Release|x64.Build.0 = Release|x64
		{C24983E5-5029-456C-A894-FD9A891A01D0}.Release|x86.ActiveCfg = Release|Win32
		{C24983E5-5029-456C-A894-FD9A891A01D0}.Release|x86.Build.0 = Release|Win32
		{18EE8C1C-74A1-4697-A48C-3484868572C2}.Debug|x64.ActiveCfg = Debug|x64
		{18EE8C1C-74A1-4697-A48C-3484868572C2}.Debug|x64.Build.0 = Debug|x64
		{18EE8C1C-74A1-4697-A48C-3484868572C2}.Debug|x86.ActiveCfg = Debug|Win32
		{18EE8C1C-74A1-4697-A48C-3484868572C2}.Debug|x86.Build.0 = Debug|Win32
		{18EE8C1C-74A1-4697-A48C-3484868572C2}.Release|x64.ActiveCfg = Release|x64
		{18EE8C1C-74A1-4697-A48C-3484868572C2}.Release|x64.Build.0 = Release|x64
		{18EE8C1C-74A1-4697-A48C-3484868572C2}.Release|x86.ActiveCfg = Release|Win32
		{18EE8C1C-74A1-4697-A48C-3484868572C2}.Release|x86.Build.0 = Release|Win32
		{AECC9700-EB1B-4660-9E59-E6C4E1CCAD69}.Debug|x64.ActiveCfg = Debug|x64
		{AECC9700-EB1B-4660-9E59-E6C4E1CCAD69}.Debug|x64.Build.0 = Debug|x64
		{AECC9700-EB1B-4660-9E59-E6C4E1CCAD69}.Debug|x86.ActiveCfg = Debug|Win32
		{AECC9700-EB1B-4660-9E59-E6C4E1CCAD69}.Debug|x86.Build.0 = Debug|Win32
		{AECC9700-EB1B-4660-9E59-E6C4E1CCAD69}.Release|x64.ActiveCfg = Release|x64
		{AECC9700-EB1B-4660-9E59-E6C4E1CCAD69}.Release|x64.Build.0 = Release|x64
		{AECC9700-EB1B-4660-9E59-E6C4E1CCAD69}.Release|x86.ActiveCfg = Release|Win32
		{AECC9700-EB1B-4660-9E59-E6C4E1CCAD69}.Release|x86.Build.0 = Release|Win32
	EndGlobalSection
	GlobalSection(SolutionProperties) = preSolution
		HideSolutionNode = FALSE
	EndGlobalSection
	GlobalSection(ExtensibilityGlobals) = postSolution
		SolutionGuid = {5F4D0036-E60A-4602-A461-0E8ADD3E798C}
	EndGlobalSection
EndGlobal
